
Microsoft Visual Studio Solution File, Format Version 12.00
# Visual Studio Version 16
VisualStudioVersion = 16.0.31624.102
MinimumVisualStudioVersion = 10.0.40219.1
Project("{9A19103F-16F7-4668-BE54-9A1E7A4F7556}") = "Canvas", "Canvas/Canvas.csproj", "{E92DBEFC-6135-4576-BA5C-A13DE41194B3}"
EndProject
Project("{FAE04EC0-301F-11D3-BF4B-00C04F79EFBC}") = "ResetCanvas", "ResetCanvas\ResetCanvas.csproj", "{A3AAD84E-EC4D-4136-B241-137202E18946}"
EndProject
Global
	GlobalSection(SolutionConfigurationPlatforms) = preSolution
		Debug|Any CPU = Debug|Any CPU
		Release|Any CPU = Release|Any CPU
	EndGlobalSection
	GlobalSection(ProjectConfigurationPlatforms) = postSolution
		{E92DBEFC-6135-4576-BA5C-A13DE41194B3}.Debug|Any CPU.ActiveCfg = Debug|Any CPU
		{E92DBEFC-6135-4576-BA5C-A13DE41194B3}.Debug|Any CPU.Build.0 = Debug|Any CPU
		{E92DBEFC-6135-4576-BA5C-A13DE41194B3}.Release|Any CPU.ActiveCfg = Release|Any CPU
		{E92DBEFC-6135-4576-BA5C-A13DE41194B3}.Release|Any CPU.Build.0 = Release|Any CPU
		{A3AAD84E-EC4D-4136-B241-137202E18946}.Debug|Any CPU.ActiveCfg = Debug|Any CPU
		{A3AAD84E-EC4D-4136-B241-137202E18946}.Debug|Any CPU.Build.0 = Debug|Any CPU
		{A3AAD84E-EC4D-4136-B241-137202E18946}.Release|Any CPU.ActiveCfg = Release|Any CPU
		{A3AAD84E-EC4D-4136-B241-137202E18946}.Release|Any CPU.Build.0 = Release|Any CPU
	EndGlobalSection
	GlobalSection(SolutionProperties) = preSolution
		HideSolutionNode = FALSE
	EndGlobalSection
	GlobalSection(ExtensibilityGlobals) = postSolution
		SolutionGuid = {20C5B932-2CBD-4605-AA30-CEA4E4D39BCB}
	EndGlobalSection
EndGlobal
